
Microsoft Visual Studio Solution File, Format Version 12.00
# Visual Studio Version 16
VisualStudioVersion = 16.0.31025.194
MinimumVisualStudioVersion = 10.0.40219.1
Project("{FAE04EC0-301F-11D3-BF4B-00C04F79EFBC}") = "tarea 7", "tarea 7\tarea 7.csproj", "{1C6F7F25-CFE8-419F-8A31-F06D5460B0ED}"
EndProject
Global
	GlobalSection(SolutionConfigurationPlatforms) = preSolution
		Debug|Any CPU = Debug|Any CPU
		Release|Any CPU = Release|Any CPU
	EndGlobalSection
	GlobalSection(ProjectConfigurationPlatforms) = postSolution
		{1C6F7F25-CFE8-419F-8A31-F06D5460B0ED}.Debug|Any CPU.ActiveCfg = Debug|Any CPU
		{1C6F7F25-CFE8-419F-8A31-F06D5460B0ED}.Debug|Any CPU.Build.0 = Debug|Any CPU
		{1C6F7F25-CFE8-419F-8A31-F06D5460B0ED}.Release|Any CPU.ActiveCfg = Release|Any CPU
		{1C6F7F25-CFE8-419F-8A31-F06D5460B0ED}.Release|Any CPU.Build.0 = Release|Any CPU
	EndGlobalSection
	GlobalSection(SolutionProperties) = preSolution
		HideSolutionNode = FALSE
	EndGlobalSection
	GlobalSection(ExtensibilityGlobals) = postSolution
		SolutionGuid = {74216569-51AF-4956-A507-E62062FB5510}
	EndGlobalSection
EndGlobal
